
Microsoft Visual Studio Solution File, Format Version 12.00
# Visual Studio Version 16
VisualStudioVersion = 16.0.31624.102
MinimumVisualStudioVersion = 10.0.40219.1
Project("{FAE04EC0-301F-11D3-BF4B-00C04F79EFBC}") = "ConsoleApp3", "ConsoleApp3\ConsoleApp3.csproj", "{AC2ACAF3-9E3F-4888-B1EF-5D1A976175DF}"
EndProject
Global
	GlobalSection(SolutionConfigurationPlatforms) = preSolution
		Debug|Any CPU = Debug|Any CPU
		Release|Any CPU = Release|Any CPU
	EndGlobalSection
	GlobalSection(ProjectConfigurationPlatforms) = postSolution
		{AC2ACAF3-9E3F-4888-B1EF-5D1A976175DF}.Debug|Any CPU.ActiveCfg = Debug|Any CPU
		{AC2ACAF3-9E3F-4888-B1EF-5D1A976175DF}.Debug|Any CPU.Build.0 = Debug|Any CPU
		{AC2ACAF3-9E3F-4888-B1EF-5D1A976175DF}.Release|Any CPU.ActiveCfg = Release|Any CPU
		{AC2ACAF3-9E3F-4888-B1EF-5D1A976175DF}.Release|Any CPU.Build.0 = Release|Any CPU
	EndGlobalSection
	GlobalSection(SolutionProperties) = preSolution
		HideSolutionNode = FALSE
	EndGlobalSection
	GlobalSection(ExtensibilityGlobals) = postSolution
		SolutionGuid = {CC52E888-E296-4F2C-AFFB-3329B100CDDE}
	EndGlobalSection
EndGlobal
